
Microsoft Visual Studio Solution File, Format Version 12.00
# Visual Studio Version 16
VisualStudioVersion = 16.0.29613.14
MinimumVisualStudioVersion = 10.0.40219.1
Project("{FAE04EC0-301F-11D3-BF4B-00C04F79EFBC}") = "DinosVsRobots", "DinosVsRobots\DinosVsRobots.csproj", "{432535EF-24CD-4A88-9DC5-579A363DEB16}"
EndProject
Global
	GlobalSection(SolutionConfigurationPlatforms) = preSolution
		Debug|Any CPU = Debug|Any CPU
		Release|Any CPU = Release|Any CPU
	EndGlobalSection
	GlobalSection(ProjectConfigurationPlatforms) = postSolution
		{432535EF-24CD-4A88-9DC5-579A363DEB16}.Debug|Any CPU.ActiveCfg = Debug|Any CPU
		{432535EF-24CD-4A88-9DC5-579A363DEB16}.Debug|Any CPU.Build.0 = Debug|Any CPU
		{432535EF-24CD-4A88-9DC5-579A363DEB16}.Release|Any CPU.ActiveCfg = Release|Any CPU
		{432535EF-24CD-4A88-9DC5-579A363DEB16}.Release|Any CPU.Build.0 = Release|Any CPU
	EndGlobalSection
	GlobalSection(SolutionProperties) = preSolution
		HideSolutionNode = FALSE
	EndGlobalSection
	GlobalSection(ExtensibilityGlobals) = postSolution
		SolutionGuid = {79E440C0-6666-4F99-ACBB-47F3273A1B4C}
	EndGlobalSection
EndGlobal
